
Microsoft Visual Studio Solution File, Format Version 12.00
# Visual Studio Version 17
VisualStudioVersion = 17.9.34701.34
MinimumVisualStudioVersion = 10.0.40219.1
Project("{FAE04EC0-301F-11D3-BF4B-00C04F79EFBC}") = "HomeTaskFirstApiApp", "HomeTaskFirstApiApp\HomeTaskFirstApiApp.csproj", "{FD68681F-BC40-4E58-AB1A-C1C8CAD030FD}"
EndProject
Global
	GlobalSection(SolutionConfigurationPlatforms) = preSolution
		Debug|Any CPU = Debug|Any CPU
		Release|Any CPU = Release|Any CPU
	EndGlobalSection
	GlobalSection(ProjectConfigurationPlatforms) = postSolution
		{FD68681F-BC40-4E58-AB1A-C1C8CAD030FD}.Debug|Any CPU.ActiveCfg = Debug|Any CPU
		{FD68681F-BC40-4E58-AB1A-C1C8CAD030FD}.Debug|Any CPU.Build.0 = Debug|Any CPU
		{FD68681F-BC40-4E58-AB1A-C1C8CAD030FD}.Release|Any CPU.ActiveCfg = Release|Any CPU
		{FD68681F-BC40-4E58-AB1A-C1C8CAD030FD}.Release|Any CPU.Build.0 = Release|Any CPU
	EndGlobalSection
	GlobalSection(SolutionProperties) = preSolution
		HideSolutionNode = FALSE
	EndGlobalSection
	GlobalSection(ExtensibilityGlobals) = postSolution
		SolutionGuid = {854D4C00-3A9C-4D9A-A05A-096B5AC80AAA}
	EndGlobalSection
EndGlobal
